// !$*UTF8*$!
{
	archiveVersion = 1;
	classes = {
	};
	objectVersion = 56;
	objects = {

/* Begin PBXBuildFile section */
		A9E94F87293E2A8E00A89AC3 /* BlackbirdSwiftUITestApp.swift in Sources */ = {isa = PBXBuildFile; fileRef = A9E94F86293E2A8E00A89AC3 /* BlackbirdSwiftUITestApp.swift */; };
		A9E94F89293E2A8E00A89AC3 /* ContentViews.swift in Sources */ = {isa = PBXBuildFile; fileRef = A9E94F88293E2A8E00A89AC3 /* ContentViews.swift */; };
		A9E94F8B293E2A8F00A89AC3 /* Assets.xcassets in Resources */ = {isa = PBXBuildFile; fileRef = A9E94F8A293E2A8F00A89AC3 /* Assets.xcassets */; };
		A9E94F8E293E2A8F00A89AC3 /* Preview Assets.xcassets in Resources */ = {isa = PBXBuildFile; fileRef = A9E94F8D293E2A8F00A89AC3 /* Preview Assets.xcassets */; };
		A9EE2E29293E2BFD00BCEBCE /* Blackbird in Frameworks */ = {isa = PBXBuildFile; productRef = A9EE2E28293E2BFD00BCEBCE /* Blackbird */; };
		A9EE2E2B293E2C5600BCEBCE /* BlackbirdTestData.swift in Sources */ = {isa = PBXBuildFile; fileRef = A9EE2E2A293E2C5600BCEBCE /* BlackbirdTestData.swift */; };
/* End PBXBuildFile section */

/* Begin PBXFileReference section */
		A92E4F222951FBE700954C3F /* Blackbird */ = {isa = PBXFileReference; lastKnownFileType = wrapper; name = Blackbird; path = ../..; sourceTree = "<group>"; };
		A9E94F83293E2A8E00A89AC3 /* BlackbirdSwiftUITest.app */ = {isa = PBXFileReference; explicitFileType = wrapper.application; includeInIndex = 0; path = BlackbirdSwiftUITest.app; sourceTree = BUILT_PRODUCTS_DIR; };
		A9E94F86293E2A8E00A89AC3 /* BlackbirdSwiftUITestApp.swift */ = {isa = PBXFileReference; lastKnownFileType = sourcecode.swift; path = BlackbirdSwiftUITestApp.swift; sourceTree = "<group>"; };
		A9E94F88293E2A8E00A89AC3 /* ContentViews.swift */ = {isa = PBXFileReference; lastKnownFileType = sourcecode.swift; path = ContentViews.swift; sourceTree = "<group>"; };
		A9E94F8A293E2A8F00A89AC3 /* Assets.xcassets */ = {isa = PBXFileReference; lastKnownFileType = folder.assetcatalog; path = Assets.xcassets; sourceTree = "<group>"; };
		A9E94F8D293E2A8F00A89AC3 /* Preview Assets.xcassets */ = {isa = PBXFileReference; lastKnownFileType = folder.assetcatalog; path = "Preview Assets.xcassets"; sourceTree = "<group>"; };
		A9EE2E2A293E2C5600BCEBCE /* BlackbirdTestData.swift */ = {isa = PBXFileReference; fileEncoding = 4; lastKnownFileType = sourcecode.swift; name = BlackbirdTestData.swift; path = ../../BlackbirdTests/BlackbirdTestData.swift; sourceTree = "<group>"; };
/* End PBXFileReference section */

/* Begin PBXFrameworksBuildPhase section */
		A9E94F80293E2A8E00A89AC3 /* Frameworks */ = {
			isa = PBXFrameworksBuildPhase;
			buildActionMask = 2147483647;
			files = (
				A9EE2E29293E2BFD00BCEBCE /* Blackbird in Frameworks */,
			);
			runOnlyForDeploymentPostprocessing = 0;
		};
/* End PBXFrameworksBuildPhase section */

/* Begin PBXGroup section */
		A9E94F7A293E2A8E00A89AC3 = {
			isa = PBXGroup;
			children = (
				A9E94F94293E2ABF00A89AC3 /* Packages */,
				A9E94F85293E2A8E00A89AC3 /* BlackbirdSwiftUITest */,
				A9E94F84293E2A8E00A89AC3 /* Products */,
				A9EE2E25293E2B9200BCEBCE /* Frameworks */,
			);
			sourceTree = "<group>";
		};
		A9E94F84293E2A8E00A89AC3 /* Products */ = {
			isa = PBXGroup;
			children = (
				A9E94F83293E2A8E00A89AC3 /* BlackbirdSwiftUITest.app */,
			);
			name = Products;
			sourceTree = "<group>";
		};
		A9E94F85293E2A8E00A89AC3 /* BlackbirdSwiftUITest */ = {
			isa = PBXGroup;
			children = (
				A9EE2E2A293E2C5600BCEBCE /* BlackbirdTestData.swift */,
				A9E94F86293E2A8E00A89AC3 /* BlackbirdSwiftUITestApp.swift */,
				A9E94F88293E2A8E00A89AC3 /* ContentViews.swift */,
				A9E94F8A293E2A8F00A89AC3 /* Assets.xcassets */,
				A9E94F8C293E2A8F00A89AC3 /* Preview Content */,
			);
			path = BlackbirdSwiftUITest;
			sourceTree = "<group>";
		};
		A9E94F8C293E2A8F00A89AC3 /* Preview Content */ = {
			isa = PBXGroup;
			children = (
				A9E94F8D293E2A8F00A89AC3 /* Preview Assets.xcassets */,
			);
			path = "Preview Content";
			sourceTree = "<group>";
		};
		A9E94F94293E2ABF00A89AC3 /* Packages */ = {
			isa = PBXGroup;
			children = (
				A92E4F222951FBE700954C3F /* Blackbird */,
			);
			name = Packages;
			sourceTree = "<group>";
		};
		A9EE2E25293E2B9200BCEBCE /* Frameworks */ = {
			isa = PBXGroup;
			children = (
			);
			name = Frameworks;
			sourceTree = "<group>";
		};
/* End PBXGroup section */

/* Begin PBXNativeTarget section */
		A9E94F82293E2A8E00A89AC3 /* BlackbirdSwiftUITest */ = {
			isa = PBXNativeTarget;
			buildConfigurationList = A9E94F91293E2A8F00A89AC3 /* Build configuration list for PBXNativeTarget "BlackbirdSwiftUITest" */;
			buildPhases = (
				A9E94F7F293E2A8E00A89AC3 /* Sources */,
				A9E94F80293E2A8E00A89AC3 /* Frameworks */,
				A9E94F81293E2A8E00A89AC3 /* Resources */,
			);
			buildRules = (
			);
			dependencies = (
			);
			name = BlackbirdSwiftUITest;
			packageProductDependencies = (
				A9EE2E28293E2BFD00BCEBCE /* Blackbird */,
			);
			productName = BlackbirdSwiftUITest;
			productReference = A9E94F83293E2A8E00A89AC3 /* BlackbirdSwiftUITest.app */;
			productType = "com.apple.product-type.application";
		};
/* End PBXNativeTarget section */

/* Begin PBXProject section */
		A9E94F7B293E2A8E00A89AC3 /* Project object */ = {
			isa = PBXProject;
			attributes = {
				BuildIndependentTargetsInParallel = 1;
				LastSwiftUpdateCheck = 1410;
				LastUpgradeCheck = 1410;
				TargetAttributes = {
					A9E94F82293E2A8E00A89AC3 = {
						CreatedOnToolsVersion = 14.1;
					};
				};
			};
			buildConfigurationList = A9E94F7E293E2A8E00A89AC3 /* Build configuration list for PBXProject "BlackbirdSwiftUITest" */;
			compatibilityVersion = "Xcode 14.0";
			developmentRegion = en;
			hasScannedForEncodings = 0;
			knownRegions = (
				en,
				Base,
			);
			mainGroup = A9E94F7A293E2A8E00A89AC3;
			productRefGroup = A9E94F84293E2A8E00A89AC3 /* Products */;
			projectDirPath = "";
			projectRoot = "";
			targets = (
				A9E94F82293E2A8E00A89AC3 /* BlackbirdSwiftUITest */,
			);
		};
/* End PBXProject section */

/* Begin PBXResourcesBuildPhase section */
		A9E94F81293E2A8E00A89AC3 /* Resources */ = {
			isa = PBXResourcesBuildPhase;
			buildActionMask = 2147483647;
			files = (
				A9E94F8E293E2A8F00A89AC3 /* Preview Assets.xcassets in Resources */,
				A9E94F8B293E2A8F00A89AC3 /* Assets.xcassets in Resources */,
			);
			runOnlyForDeploymentPostprocessing = 0;
		};
/* End PBXResourcesBuildPhase section */

/* Begin PBXSourcesBuildPhase section */
		A9E94F7F293E2A8E00A89AC3 /* Sources */ = {
			isa = PBXSourcesBuildPhase;
			buildActionMask = 2147483647;
			files = (
				A9E94F89293E2A8E00A89AC3 /* ContentViews.swift in Sources */,
				A9EE2E2B293E2C5600BCEBCE /* BlackbirdTestData.swift in Sources */,
				A9E94F87293E2A8E00A89AC3 /* BlackbirdSwiftUITestApp.swift in Sources */,
			);
			runOnlyForDeploymentPostprocessing = 0;
		};
/* End PBXSourcesBuildPhase section */

/* Begin XCBuildConfiguration section */
		A9E94F8F293E2A8F00A89AC3 /* Debug */ = {
			isa = XCBuildConfiguration;
			buildSettings = {
				ALWAYS_SEARCH_USER_PATHS = NO;
				CLANG_ANALYZER_NONNULL = YES;
				CLANG_ANALYZER_NUMBER_OBJECT_CONVERSION = YES_AGGRESSIVE;
				CLANG_CXX_LANGUAGE_STANDARD = "gnu++20";
				CLANG_ENABLE_MODULES = YES;
				CLANG_ENABLE_OBJC_ARC = YES;
				CLANG_ENABLE_OBJC_WEAK = YES;
				CLANG_WARN_BLOCK_CAPTURE_AUTORELEASING = YES;
				CLANG_WARN_BOOL_CONVERSION = YES;
				CLANG_WARN_COMMA = YES;
				CLANG_WARN_CONSTANT_CONVERSION = YES;
				CLANG_WARN_DEPRECATED_OBJC_IMPLEMENTATIONS = YES;
				CLANG_WARN_DIRECT_OBJC_ISA_USAGE = YES_ERROR;
				CLANG_WARN_DOCUMENTATION_COMMENTS = YES;
				CLANG_WARN_EMPTY_BODY = YES;
				CLANG_WARN_ENUM_CONVERSION = YES;
				CLANG_WARN_INFINITE_RECURSION = YES;
				CLANG_WARN_INT_CONVERSION = YES;
				CLANG_WARN_NON_LITERAL_NULL_CONVERSION = YES;
				CLANG_WARN_OBJC_IMPLICIT_RETAIN_SELF = YES;
				CLANG_WARN_OBJC_LITERAL_CONVERSION = YES;
				CLANG_WARN_OBJC_ROOT_CLASS = YES_ERROR;
				CLANG_WARN_QUOTED_INCLUDE_IN_FRAMEWORK_HEADER = YES;
				CLANG_WARN_RANGE_LOOP_ANALYSIS = YES;
				CLANG_WARN_STRICT_PROTOTYPES = YES;
				CLANG_WARN_SUSPICIOUS_MOVE = YES;
				CLANG_WARN_UNGUARDED_AVAILABILITY = YES_AGGRESSIVE;
				CLANG_WARN_UNREACHABLE_CODE = YES;
				CLANG_WARN__DUPLICATE_METHOD_MATCH = YES;
				COPY_PHASE_STRIP = NO;
				DEBUG_INFORMATION_FORMAT = dwarf;
				ENABLE_STRICT_OBJC_MSGSEND = YES;
				ENABLE_TESTABILITY = YES;
				GCC_C_LANGUAGE_STANDARD = gnu11;
				GCC_DYNAMIC_NO_PIC = NO;
				GCC_NO_COMMON_BLOCKS = YES;
				GCC_OPTIMIZATION_LEVEL = 0;
				GCC_PREPROCESSOR_DEFINITIONS = (
					"DEBUG=1",
					"$(inherited)",
				);
				GCC_WARN_64_TO_32_BIT_CONVERSION = YES;
				GCC_WARN_ABOUT_RETURN_TYPE = YES_ERROR;
				GCC_WARN_UNDECLARED_SELECTOR = YES;
				GCC_WARN_UNINITIALIZED_AUTOS = YES_AGGRESSIVE;
				GCC_WARN_UNUSED_FUNCTION = YES;
				GCC_WARN_UNUSED_VARIABLE = YES;
				IPHONEOS_DEPLOYMENT_TARGET = 16.1;
				MTL_ENABLE_DEBUG_INFO = INCLUDE_SOURCE;
				MTL_FAST_MATH = YES;
				ONLY_ACTIVE_ARCH = YES;
				SDKROOT = iphoneos;
				SWIFT_ACTIVE_COMPILATION_CONDITIONS = DEBUG;
				SWIFT_OPTIMIZATION_LEVEL = "-Onone";
			};
			name = Debug;
		};
		A9E94F90293E2A8F00A89AC3 /* Release */ = {
			isa = XCBuildConfiguration;
			buildSettings = {
				ALWAYS_SEARCH_USER_PATHS = NO;
				CLANG_ANALYZER_NONNULL = YES;
				CLANG_ANALYZER_NUMBER_OBJECT_CONVERSION = YES_AGGRESSIVE;
				CLANG_CXX_LANGUAGE_STANDARD = "gnu++20";
				CLANG_ENABLE_MODULES = YES;
				CLANG_ENABLE_OBJC_ARC = YES;
				CLANG_ENABLE_OBJC_WEAK = YES;
				CLANG_WARN_BLOCK_CAPTURE_AUTORELEASING = YES;
				CLANG_WARN_BOOL_CONVERSION = YES;
				CLANG_WARN_COMMA = YES;
				CLANG_WARN_CONSTANT_CONVERSION = YES;
				CLANG_WARN_DEPRECATED_OBJC_IMPLEMENTATIONS = YES;
				CLANG_WARN_DIRECT_OBJC_ISA_USAGE = YES_ERROR;
				CLANG_WARN_DOCUMENTATION_COMMENTS = YES;
				CLANG_WARN_EMPTY_BODY = YES;
				CLANG_WARN_ENUM_CONVERSION = YES;
				CLANG_WARN_INFINITE_RECURSION = YES;
				CLANG_WARN_INT_CONVERSION = YES;
				CLANG_WARN_NON_LITERAL_NULL_CONVERSION = YES;
				CLANG_WARN_OBJC_IMPLICIT_RETAIN_SELF = YES;
				CLANG_WARN_OBJC_LITERAL_CONVERSION = YES;
				CLANG_WARN_OBJC_ROOT_CLASS = YES_ERROR;
				CLANG_WARN_QUOTED_INCLUDE_IN_FRAMEWORK_HEADER = YES;
				CLANG_WARN_RANGE_LOOP_ANALYSIS = YES;
				CLANG_WARN_STRICT_PROTOTYPES = YES;
				CLANG_WARN_SUSPICIOUS_MOVE = YES;
				CLANG_WARN_UNGUARDED_AVAILABILITY = YES_AGGRESSIVE;
				CLANG_WARN_UNREACHABLE_CODE = YES;
				CLANG_WARN__DUPLICATE_METHOD_MATCH = YES;
				COPY_PHASE_STRIP = NO;
				DEBUG_INFORMATION_FORMAT = "dwarf-with-dsym";
				ENABLE_NS_ASSERTIONS = NO;
				ENABLE_STRICT_OBJC_MSGSEND = YES;
				GCC_C_LANGUAGE_STANDARD = gnu11;
				GCC_NO_COMMON_BLOCKS = YES;
				GCC_WARN_64_TO_32_BIT_CONVERSION = YES;
				GCC_WARN_ABOUT_RETURN_TYPE = YES_ERROR;
				GCC_WARN_UNDECLARED_SELECTOR = YES;
				GCC_WARN_UNINITIALIZED_AUTOS = YES_AGGRESSIVE;
				GCC_WARN_UNUSED_FUNCTION = YES;
				GCC_WARN_UNUSED_VARIABLE = YES;
				IPHONEOS_DEPLOYMENT_TARGET = 16.1;
				MTL_ENABLE_DEBUG_INFO = NO;
				MTL_FAST_MATH = YES;
				SDKROOT = iphoneos;
				SWIFT_COMPILATION_MODE = wholemodule;
				SWIFT_OPTIMIZATION_LEVEL = "-O";
				VALIDATE_PRODUCT = YES;
			};
			name = Release;
		};
		A9E94F92293E2A8F00A89AC3 /* Debug */ = {
			isa = XCBuildConfiguration;
			buildSettings = {
				ASSETCATALOG_COMPILER_APPICON_NAME = AppIcon;
				ASSETCATALOG_COMPILER_GLOBAL_ACCENT_COLOR_NAME = AccentColor;
				CODE_SIGN_STYLE = Automatic;
				CURRENT_PROJECT_VERSION = 1;
				DEVELOPMENT_ASSET_PATHS = "\"BlackbirdSwiftUITest/Preview Content\"";
				DEVELOPMENT_TEAM = "";
				ENABLE_PREVIEWS = YES;
				GENERATE_INFOPLIST_FILE = YES;
				INFOPLIST_KEY_UIApplicationSceneManifest_Generation = YES;
				INFOPLIST_KEY_UIApplicationSupportsIndirectInputEvents = YES;
				INFOPLIST_KEY_UILaunchScreen_Generation = YES;
				INFOPLIST_KEY_UISupportedInterfaceOrientations_iPad = "UIInterfaceOrientationPortrait UIInterfaceOrientationPortraitUpsideDown UIInterfaceOrientationLandscapeLeft UIInterfaceOrientationLandscapeRight";
				INFOPLIST_KEY_UISupportedInterfaceOrientations_iPhone = "UIInterfaceOrientationPortrait UIInterfaceOrientationLandscapeLeft UIInterfaceOrientationLandscapeRight";
				LD_RUNPATH_SEARCH_PATHS = (
					"$(inherited)",
					"@executable_path/Frameworks",
				);
				MARKETING_VERSION = 1.0;
				PRODUCT_BUNDLE_IDENTIFIER = com.marcoarment.BlackbirdSwiftUITest;
				PRODUCT_NAME = "$(TARGET_NAME)";
				SWIFT_EMIT_LOC_STRINGS = YES;
				SWIFT_VERSION = 5.0;
				TARGETED_DEVICE_FAMILY = "1,2";
			};
			name = Debug;
		};
		A9E94F93293E2A8F00A89AC3 /* Release */ = {
			isa = XCBuildConfiguration;
			buildSettings = {
				ASSETCATALOG_COMPILER_APPICON_NAME = AppIcon;
				ASSETCATALOG_COMPILER_GLOBAL_ACCENT_COLOR_NAME = AccentColor;
				CODE_SIGN_STYLE = Automatic;
				CURRENT_PROJECT_VERSION = 1;
				DEVELOPMENT_ASSET_PATHS = "\"BlackbirdSwiftUITest/Preview Content\"";
				DEVELOPMENT_TEAM = "";
				ENABLE_PREVIEWS = YES;
				GENERATE_INFOPLIST_FILE = YES;
				INFOPLIST_KEY_UIApplicationSceneManifest_Generation = YES;
				INFOPLIST_KEY_UIApplicationSupportsIndirectInputEvents = YES;
				INFOPLIST_KEY_UILaunchScreen_Generation = YES;
				INFOPLIST_KEY_UISupportedInterfaceOrientations_iPad = "UIInterfaceOrientationPortrait UIInterfaceOrientationPortraitUpsideDown UIInterfaceOrientationLandscapeLeft UIInterfaceOrientationLandscapeRight";
				INFOPLIST_KEY_UISupportedInterfaceOrientations_iPhone = "UIInterfaceOrientationPortrait UIInterfaceOrientationLandscapeLeft UIInterfaceOrientationLandscapeRight";
				LD_RUNPATH_SEARCH_PATHS = (
					"$(inherited)",
					"@executable_path/Frameworks",
				);
				MARKETING_VERSION = 1.0;
				PRODUCT_BUNDLE_IDENTIFIER = com.marcoarment.BlackbirdSwiftUITest;
				PRODUCT_NAME = "$(TARGET_NAME)";
				SWIFT_EMIT_LOC_STRINGS = YES;
				SWIFT_VERSION = 5.0;
				TARGETED_DEVICE_FAMILY = "1,2";
			};
			name = Release;
		};
/* End XCBuildConfiguration section */

/* Begin XCConfigurationList section */
		A9E94F7E293E2A8E00A89AC3 /* Build configuration list for PBXProject "BlackbirdSwiftUITest" */ = {
			isa = XCConfigurationList;
			buildConfigurations = (
				A9E94F8F293E2A8F00A89AC3 /* Debug */,
				A9E94F90293E2A8F00A89AC3 /* Release */,
			);
			defaultConfigurationIsVisible = 0;
			defaultConfigurationName = Release;
		};
		A9E94F91293E2A8F00A89AC3 /* Build configuration list for PBXNativeTarget "BlackbirdSwiftUITest" */ = {
			isa = XCConfigurationList;
			buildConfigurations = (
				A9E94F92293E2A8F00A89AC3 /* Debug */,
				A9E94F93293E2A8F00A89AC3 /* Release */,
			);
			defaultConfigurationIsVisible = 0;
			defaultConfigurationName = Release;
		};
/* End XCConfigurationList section */

/* Begin XCSwiftPackageProductDependency section */
		A9EE2E28293E2BFD00BCEBCE /* Blackbird */ = {
			isa = XCSwiftPackageProductDependency;
			productName = Blackbird;
		};
/* End XCSwiftPackageProductDependency section */
	};
	rootObject = A9E94F7B293E2A8E00A89AC3 /* Project object */;
}
